// !$*UTF8*$!
{
	archiveVersion = 1;
	classes = {
	};
	objectVersion = 56;
	objects = {

/* Begin PBXBuildFile section */
		5A3CE40129F083F50078D41B /* AppDelegate.swift in Sources */ = {isa = PBXBuildFile; fileRef = 5A3CE40029F083F50078D41B /* AppDelegate.swift */; };
		5A3CE40329F083F50078D41B /* SceneDelegate.swift in Sources */ = {isa = PBXBuildFile; fileRef = 5A3CE40229F083F50078D41B /* SceneDelegate.swift */; };
		5A3CE40829F083F50078D41B /* Main.storyboard in Resources */ = {isa = PBXBuildFile; fileRef = 5A3CE40629F083F50078D41B /* Main.storyboard */; };
		5A3CE40B29F083F50078D41B /* ProjectZero.xcdatamodeld in Sources */ = {isa = PBXBuildFile; fileRef = 5A3CE40929F083F50078D41B /* ProjectZero.xcdatamodeld */; };
		5A3CE40D29F083F70078D41B /* Assets.xcassets in Resources */ = {isa = PBXBuildFile; fileRef = 5A3CE40C29F083F70078D41B /* Assets.xcassets */; };
		5A3CE41029F083F70078D41B /* LaunchScreen.storyboard in Resources */ = {isa = PBXBuildFile; fileRef = 5A3CE40E29F083F70078D41B /* LaunchScreen.storyboard */; };
		5A3CE41C29F0AA2E0078D41B /* URLSessionCalls.swift in Sources */ = {isa = PBXBuildFile; fileRef = 5A3CE41B29F0AA2E0078D41B /* URLSessionCalls.swift */; };
		5A61592129F1BD9A00150CCA /* ProjectListViewController.swift in Sources */ = {isa = PBXBuildFile; fileRef = 5A61592029F1BD9A00150CCA /* ProjectListViewController.swift */; };
		5A61592329F83CEF00150CCA /* ProjectViewController+Row.swift in Sources */ = {isa = PBXBuildFile; fileRef = 5A61592229F83CEF00150CCA /* ProjectViewController+Row.swift */; };
		5A61592529F840CC00150CCA /* ProjectViewController.swift in Sources */ = {isa = PBXBuildFile; fileRef = 5A61592429F840CC00150CCA /* ProjectViewController.swift */; };
		5A61592729F8659A00150CCA /* ProjectViewController+Section.swift in Sources */ = {isa = PBXBuildFile; fileRef = 5A61592629F8659A00150CCA /* ProjectViewController+Section.swift */; };
		5A61592929F86DC500150CCA /* ProjectViewController+CellConfiguration.swift in Sources */ = {isa = PBXBuildFile; fileRef = 5A61592829F86DC500150CCA /* ProjectViewController+CellConfiguration.swift */; };
		5A61592E29F871D100150CCA /* User.swift in Sources */ = {isa = PBXBuildFile; fileRef = 5A61592D29F871D100150CCA /* User.swift */; };
		5A61593029F871F600150CCA /* Project.swift in Sources */ = {isa = PBXBuildFile; fileRef = 5A61592F29F871F600150CCA /* Project.swift */; };
		5A61593229F871FF00150CCA /* Task.swift in Sources */ = {isa = PBXBuildFile; fileRef = 5A61593129F871FF00150CCA /* Task.swift */; };
		5A61593529F8727B00150CCA /* UIView+PinnedSubview.swift in Sources */ = {isa = PBXBuildFile; fileRef = 5A61593429F8727B00150CCA /* UIView+PinnedSubview.swift */; };
		5A61593729F872CD00150CCA /* TextFieldContentView.swift in Sources */ = {isa = PBXBuildFile; fileRef = 5A61593629F872CD00150CCA /* TextFieldContentView.swift */; };
		5A61593929F872F000150CCA /* UIContentConfiguration+Stateless.swift in Sources */ = {isa = PBXBuildFile; fileRef = 5A61593829F872F000150CCA /* UIContentConfiguration+Stateless.swift */; };
		5A61593B29F877F800150CCA /* TextViewContentView.swift in Sources */ = {isa = PBXBuildFile; fileRef = 5A61593A29F877F800150CCA /* TextViewContentView.swift */; };
		5A61593D29F8783700150CCA /* DatePickerContentView.swift in Sources */ = {isa = PBXBuildFile; fileRef = 5A61593C29F8783700150CCA /* DatePickerContentView.swift */; };
		5A61593F29F878A300150CCA /* SwitchButtonContentView.swift in Sources */ = {isa = PBXBuildFile; fileRef = 5A61593E29F878A300150CCA /* SwitchButtonContentView.swift */; };
/* End PBXBuildFile section */

/* Begin PBXFileReference section */
		5A3CE3FD29F083F50078D41B /* ProjectZero.app */ = {isa = PBXFileReference; explicitFileType = wrapper.application; includeInIndex = 0; path = ProjectZero.app; sourceTree = BUILT_PRODUCTS_DIR; };
		5A3CE40029F083F50078D41B /* AppDelegate.swift */ = {isa = PBXFileReference; lastKnownFileType = sourcecode.swift; path = AppDelegate.swift; sourceTree = "<group>"; };
		5A3CE40229F083F50078D41B /* SceneDelegate.swift */ = {isa = PBXFileReference; lastKnownFileType = sourcecode.swift; path = SceneDelegate.swift; sourceTree = "<group>"; };
		5A3CE40729F083F50078D41B /* Base */ = {isa = PBXFileReference; lastKnownFileType = file.storyboard; name = Base; path = Base.lproj/Main.storyboard; sourceTree = "<group>"; };
		5A3CE40A29F083F50078D41B /* ProjectZero.xcdatamodel */ = {isa = PBXFileReference; lastKnownFileType = wrapper.xcdatamodel; path = ProjectZero.xcdatamodel; sourceTree = "<group>"; };
		5A3CE40C29F083F70078D41B /* Assets.xcassets */ = {isa = PBXFileReference; lastKnownFileType = folder.assetcatalog; path = Assets.xcassets; sourceTree = "<group>"; };
		5A3CE40F29F083F70078D41B /* Base */ = {isa = PBXFileReference; lastKnownFileType = file.storyboard; name = Base; path = Base.lproj/LaunchScreen.storyboard; sourceTree = "<group>"; };
		5A3CE41129F083F70078D41B /* Info.plist */ = {isa = PBXFileReference; lastKnownFileType = text.plist.xml; path = Info.plist; sourceTree = "<group>"; };
		5A3CE41B29F0AA2E0078D41B /* URLSessionCalls.swift */ = {isa = PBXFileReference; lastKnownFileType = sourcecode.swift; path = URLSessionCalls.swift; sourceTree = "<group>"; };
		5A61592029F1BD9A00150CCA /* ProjectListViewController.swift */ = {isa = PBXFileReference; lastKnownFileType = sourcecode.swift; path = ProjectListViewController.swift; sourceTree = "<group>"; };
		5A61592229F83CEF00150CCA /* ProjectViewController+Row.swift */ = {isa = PBXFileReference; lastKnownFileType = sourcecode.swift; path = "ProjectViewController+Row.swift"; sourceTree = "<group>"; };
		5A61592429F840CC00150CCA /* ProjectViewController.swift */ = {isa = PBXFileReference; lastKnownFileType = sourcecode.swift; path = ProjectViewController.swift; sourceTree = "<group>"; };
		5A61592629F8659A00150CCA /* ProjectViewController+Section.swift */ = {isa = PBXFileReference; lastKnownFileType = sourcecode.swift; path = "ProjectViewController+Section.swift"; sourceTree = "<group>"; };
		5A61592829F86DC500150CCA /* ProjectViewController+CellConfiguration.swift */ = {isa = PBXFileReference; lastKnownFileType = sourcecode.swift; path = "ProjectViewController+CellConfiguration.swift"; sourceTree = "<group>"; };
		5A61592D29F871D100150CCA /* User.swift */ = {isa = PBXFileReference; lastKnownFileType = sourcecode.swift; path = User.swift; sourceTree = "<group>"; };
		5A61592F29F871F600150CCA /* Project.swift */ = {isa = PBXFileReference; lastKnownFileType = sourcecode.swift; path = Project.swift; sourceTree = "<group>"; };
		5A61593129F871FF00150CCA /* Task.swift */ = {isa = PBXFileReference; lastKnownFileType = sourcecode.swift; path = Task.swift; sourceTree = "<group>"; };
		5A61593429F8727B00150CCA /* UIView+PinnedSubview.swift */ = {isa = PBXFileReference; lastKnownFileType = sourcecode.swift; path = "UIView+PinnedSubview.swift"; sourceTree = "<group>"; };
		5A61593629F872CD00150CCA /* TextFieldContentView.swift */ = {isa = PBXFileReference; lastKnownFileType = sourcecode.swift; path = TextFieldContentView.swift; sourceTree = "<group>"; };
		5A61593829F872F000150CCA /* UIContentConfiguration+Stateless.swift */ = {isa = PBXFileReference; lastKnownFileType = sourcecode.swift; path = "UIContentConfiguration+Stateless.swift"; sourceTree = "<group>"; };
		5A61593A29F877F800150CCA /* TextViewContentView.swift */ = {isa = PBXFileReference; lastKnownFileType = sourcecode.swift; path = TextViewContentView.swift; sourceTree = "<group>"; };
		5A61593C29F8783700150CCA /* DatePickerContentView.swift */ = {isa = PBXFileReference; lastKnownFileType = sourcecode.swift; path = DatePickerContentView.swift; sourceTree = "<group>"; };
		5A61593E29F878A300150CCA /* SwitchButtonContentView.swift */ = {isa = PBXFileReference; lastKnownFileType = sourcecode.swift; path = SwitchButtonContentView.swift; sourceTree = "<group>"; };
/* End PBXFileReference section */

/* Begin PBXFrameworksBuildPhase section */
		5A3CE3FA29F083F50078D41B /* Frameworks */ = {
			isa = PBXFrameworksBuildPhase;
			buildActionMask = 2147483647;
			files = (
			);
			runOnlyForDeploymentPostprocessing = 0;
		};
/* End PBXFrameworksBuildPhase section */

/* Begin PBXGroup section */
		5A3CE3F429F083F50078D41B = {
			isa = PBXGroup;
			children = (
				5A3CE3FF29F083F50078D41B /* ProjectZero */,
				5A3CE3FE29F083F50078D41B /* Products */,
			);
			sourceTree = "<group>";
		};
		5A3CE3FE29F083F50078D41B /* Products */ = {
			isa = PBXGroup;
			children = (
				5A3CE3FD29F083F50078D41B /* ProjectZero.app */,
			);
			name = Products;
			sourceTree = "<group>";
		};
		5A3CE3FF29F083F50078D41B /* ProjectZero */ = {
			isa = PBXGroup;
			children = (
				5A61593329F8725400150CCA /* ContentViews */,
				5A61592C29F8710000150CCA /* Models */,
				5A61592B29F870B600150CCA /* ListViewController */,
				5A61592A29F8708600150CCA /* DetailViewContoller */,
				5A3CE40029F083F50078D41B /* AppDelegate.swift */,
				5A3CE40229F083F50078D41B /* SceneDelegate.swift */,
				5A3CE40629F083F50078D41B /* Main.storyboard */,
				5A3CE41B29F0AA2E0078D41B /* URLSessionCalls.swift */,
				5A3CE40C29F083F70078D41B /* Assets.xcassets */,
				5A3CE40E29F083F70078D41B /* LaunchScreen.storyboard */,
				5A3CE41129F083F70078D41B /* Info.plist */,
				5A3CE40929F083F50078D41B /* ProjectZero.xcdatamodeld */,
			);
			path = ProjectZero;
			sourceTree = "<group>";
		};
		5A61592A29F8708600150CCA /* DetailViewContoller */ = {
			isa = PBXGroup;
			children = (
				5A61592429F840CC00150CCA /* ProjectViewController.swift */,
				5A61592229F83CEF00150CCA /* ProjectViewController+Row.swift */,
				5A61592829F86DC500150CCA /* ProjectViewController+CellConfiguration.swift */,
				5A61592629F8659A00150CCA /* ProjectViewController+Section.swift */,
			);
			path = DetailViewContoller;
			sourceTree = "<group>";
		};
		5A61592B29F870B600150CCA /* ListViewController */ = {
			isa = PBXGroup;
			children = (
				5A61592029F1BD9A00150CCA /* ProjectListViewController.swift */,
			);
			path = ListViewController;
			sourceTree = "<group>";
		};
		5A61592C29F8710000150CCA /* Models */ = {
			isa = PBXGroup;
			children = (
				5A61592D29F871D100150CCA /* User.swift */,
				5A61592F29F871F600150CCA /* Project.swift */,
				5A61593129F871FF00150CCA /* Task.swift */,
			);
			path = Models;
			sourceTree = "<group>";
		};
		5A61593329F8725400150CCA /* ContentViews */ = {
			isa = PBXGroup;
			children = (
				5A61593429F8727B00150CCA /* UIView+PinnedSubview.swift */,
				5A61593629F872CD00150CCA /* TextFieldContentView.swift */,
				5A61593829F872F000150CCA /* UIContentConfiguration+Stateless.swift */,
				5A61593A29F877F800150CCA /* TextViewContentView.swift */,
				5A61593C29F8783700150CCA /* DatePickerContentView.swift */,
				5A61593E29F878A300150CCA /* SwitchButtonContentView.swift */,
			);
			path = ContentViews;
			sourceTree = "<group>";
		};
/* End PBXGroup section */

/* Begin PBXNativeTarget section */
		5A3CE3FC29F083F50078D41B /* ProjectZero */ = {
			isa = PBXNativeTarget;
			buildConfigurationList = 5A3CE41429F083F70078D41B /* Build configuration list for PBXNativeTarget "ProjectZero" */;
			buildPhases = (
				5A3CE3F929F083F50078D41B /* Sources */,
				5A3CE3FA29F083F50078D41B /* Frameworks */,
				5A3CE3FB29F083F50078D41B /* Resources */,
			);
			buildRules = (
			);
			dependencies = (
			);
			name = ProjectZero;
			productName = ProjectZero;
			productReference = 5A3CE3FD29F083F50078D41B /* ProjectZero.app */;
			productType = "com.apple.product-type.application";
		};
/* End PBXNativeTarget section */

/* Begin PBXProject section */
		5A3CE3F529F083F50078D41B /* Project object */ = {
			isa = PBXProject;
			attributes = {
				BuildIndependentTargetsInParallel = 1;
				LastSwiftUpdateCheck = 1430;
				LastUpgradeCheck = 1430;
				TargetAttributes = {
					5A3CE3FC29F083F50078D41B = {
						CreatedOnToolsVersion = 14.3;
					};
				};
			};
			buildConfigurationList = 5A3CE3F829F083F50078D41B /* Build configuration list for PBXProject "ProjectZero" */;
			compatibilityVersion = "Xcode 14.0";
			developmentRegion = en;
			hasScannedForEncodings = 0;
			knownRegions = (
				en,
				Base,
			);
			mainGroup = 5A3CE3F429F083F50078D41B;
			productRefGroup = 5A3CE3FE29F083F50078D41B /* Products */;
			projectDirPath = "";
			projectRoot = "";
			targets = (
				5A3CE3FC29F083F50078D41B /* ProjectZero */,
			);
		};
/* End PBXProject section */

/* Begin PBXResourcesBuildPhase section */
		5A3CE3FB29F083F50078D41B /* Resources */ = {
			isa = PBXResourcesBuildPhase;
			buildActionMask = 2147483647;
			files = (
				5A3CE41029F083F70078D41B /* LaunchScreen.storyboard in Resources */,
				5A3CE40D29F083F70078D41B /* Assets.xcassets in Resources */,
				5A3CE40829F083F50078D41B /* Main.storyboard in Resources */,
			);
			runOnlyForDeploymentPostprocessing = 0;
		};
/* End PBXResourcesBuildPhase section */

/* Begin PBXSourcesBuildPhase section */
		5A3CE3F929F083F50078D41B /* Sources */ = {
			isa = PBXSourcesBuildPhase;
			buildActionMask = 2147483647;
			files = (
				5A61592529F840CC00150CCA /* ProjectViewController.swift in Sources */,
				5A61593D29F8783700150CCA /* DatePickerContentView.swift in Sources */,
				5A3CE41C29F0AA2E0078D41B /* URLSessionCalls.swift in Sources */,
				5A61592329F83CEF00150CCA /* ProjectViewController+Row.swift in Sources */,
				5A61592129F1BD9A00150CCA /* ProjectListViewController.swift in Sources */,
				5A61592729F8659A00150CCA /* ProjectViewController+Section.swift in Sources */,
				5A61593F29F878A300150CCA /* SwitchButtonContentView.swift in Sources */,
				5A61593929F872F000150CCA /* UIContentConfiguration+Stateless.swift in Sources */,
				5A3CE40129F083F50078D41B /* AppDelegate.swift in Sources */,
				5A3CE40329F083F50078D41B /* SceneDelegate.swift in Sources */,
				5A61592929F86DC500150CCA /* ProjectViewController+CellConfiguration.swift in Sources */,
				5A61593529F8727B00150CCA /* UIView+PinnedSubview.swift in Sources */,
				5A61593B29F877F800150CCA /* TextViewContentView.swift in Sources */,
				5A61593229F871FF00150CCA /* Task.swift in Sources */,
				5A3CE40B29F083F50078D41B /* ProjectZero.xcdatamodeld in Sources */,
				5A61592E29F871D100150CCA /* User.swift in Sources */,
				5A61593729F872CD00150CCA /* TextFieldContentView.swift in Sources */,
				5A61593029F871F600150CCA /* Project.swift in Sources */,
			);
			runOnlyForDeploymentPostprocessing = 0;
		};
/* End PBXSourcesBuildPhase section */

/* Begin PBXVariantGroup section */
		5A3CE40629F083F50078D41B /* Main.storyboard */ = {
			isa = PBXVariantGroup;
			children = (
				5A3CE40729F083F50078D41B /* Base */,
			);
			name = Main.storyboard;
			sourceTree = "<group>";
		};
		5A3CE40E29F083F70078D41B /* LaunchScreen.storyboard */ = {
			isa = PBXVariantGroup;
			children = (
				5A3CE40F29F083F70078D41B /* Base */,
			);
			name = LaunchScreen.storyboard;
			sourceTree = "<group>";
		};
/* End PBXVariantGroup section */

/* Begin XCBuildConfiguration section */
		5A3CE41229F083F70078D41B /* Debug */ = {
			isa = XCBuildConfiguration;
			buildSettings = {
				ALWAYS_SEARCH_USER_PATHS = NO;
				CLANG_ANALYZER_NONNULL = YES;
				CLANG_ANALYZER_NUMBER_OBJECT_CONVERSION = YES_AGGRESSIVE;
				CLANG_CXX_LANGUAGE_STANDARD = "gnu++20";
				CLANG_ENABLE_MODULES = YES;
				CLANG_ENABLE_OBJC_ARC = YES;
				CLANG_ENABLE_OBJC_WEAK = YES;
				CLANG_WARN_BLOCK_CAPTURE_AUTORELEASING = YES;
				CLANG_WARN_BOOL_CONVERSION = YES;
				CLANG_WARN_COMMA = YES;
				CLANG_WARN_CONSTANT_CONVERSION = YES;
				CLANG_WARN_DEPRECATED_OBJC_IMPLEMENTATIONS = YES;
				CLANG_WARN_DIRECT_OBJC_ISA_USAGE = YES_ERROR;
				CLANG_WARN_DOCUMENTATION_COMMENTS = YES;
				CLANG_WARN_EMPTY_BODY = YES;
				CLANG_WARN_ENUM_CONVERSION = YES;
				CLANG_WARN_INFINITE_RECURSION = YES;
				CLANG_WARN_INT_CONVERSION = YES;
				CLANG_WARN_NON_LITERAL_NULL_CONVERSION = YES;
				CLANG_WARN_OBJC_IMPLICIT_RETAIN_SELF = YES;
				CLANG_WARN_OBJC_LITERAL_CONVERSION = YES;
				CLANG_WARN_OBJC_ROOT_CLASS = YES_ERROR;
				CLANG_WARN_QUOTED_INCLUDE_IN_FRAMEWORK_HEADER = YES;
				CLANG_WARN_RANGE_LOOP_ANALYSIS = YES;
				CLANG_WARN_STRICT_PROTOTYPES = YES;
				CLANG_WARN_SUSPICIOUS_MOVE = YES;
				CLANG_WARN_UNGUARDED_AVAILABILITY = YES_AGGRESSIVE;
				CLANG_WARN_UNREACHABLE_CODE = YES;
				CLANG_WARN__DUPLICATE_METHOD_MATCH = YES;
				COPY_PHASE_STRIP = NO;
				DEBUG_INFORMATION_FORMAT = dwarf;
				ENABLE_STRICT_OBJC_MSGSEND = YES;
				ENABLE_TESTABILITY = YES;
				GCC_C_LANGUAGE_STANDARD = gnu11;
				GCC_DYNAMIC_NO_PIC = NO;
				GCC_NO_COMMON_BLOCKS = YES;
				GCC_OPTIMIZATION_LEVEL = 0;
				GCC_PREPROCESSOR_DEFINITIONS = (
					"DEBUG=1",
					"$(inherited)",
				);
				GCC_WARN_64_TO_32_BIT_CONVERSION = YES;
				GCC_WARN_ABOUT_RETURN_TYPE = YES_ERROR;
				GCC_WARN_UNDECLARED_SELECTOR = YES;
				GCC_WARN_UNINITIALIZED_AUTOS = YES_AGGRESSIVE;
				GCC_WARN_UNUSED_FUNCTION = YES;
				GCC_WARN_UNUSED_VARIABLE = YES;
				IPHONEOS_DEPLOYMENT_TARGET = 16.4;
				MTL_ENABLE_DEBUG_INFO = INCLUDE_SOURCE;
				MTL_FAST_MATH = YES;
				ONLY_ACTIVE_ARCH = YES;
				SDKROOT = iphoneos;
				SWIFT_ACTIVE_COMPILATION_CONDITIONS = DEBUG;
				SWIFT_OPTIMIZATION_LEVEL = "-Onone";
			};
			name = Debug;
		};
		5A3CE41329F083F70078D41B /* Release */ = {
			isa = XCBuildConfiguration;
			buildSettings = {
				ALWAYS_SEARCH_USER_PATHS = NO;
				CLANG_ANALYZER_NONNULL = YES;
				CLANG_ANALYZER_NUMBER_OBJECT_CONVERSION = YES_AGGRESSIVE;
				CLANG_CXX_LANGUAGE_STANDARD = "gnu++20";
				CLANG_ENABLE_MODULES = YES;
				CLANG_ENABLE_OBJC_ARC = YES;
				CLANG_ENABLE_OBJC_WEAK = YES;
				CLANG_WARN_BLOCK_CAPTURE_AUTORELEASING = YES;
				CLANG_WARN_BOOL_CONVERSION = YES;
				CLANG_WARN_COMMA = YES;
				CLANG_WARN_CONSTANT_CONVERSION = YES;
				CLANG_WARN_DEPRECATED_OBJC_IMPLEMENTATIONS = YES;
				CLANG_WARN_DIRECT_OBJC_ISA_USAGE = YES_ERROR;
				CLANG_WARN_DOCUMENTATION_COMMENTS = YES;
				CLANG_WARN_EMPTY_BODY = YES;
				CLANG_WARN_ENUM_CONVERSION = YES;
				CLANG_WARN_INFINITE_RECURSION = YES;
				CLANG_WARN_INT_CONVERSION = YES;
				CLANG_WARN_NON_LITERAL_NULL_CONVERSION = YES;
				CLANG_WARN_OBJC_IMPLICIT_RETAIN_SELF = YES;
				CLANG_WARN_OBJC_LITERAL_CONVERSION = YES;
				CLANG_WARN_OBJC_ROOT_CLASS = YES_ERROR;
				CLANG_WARN_QUOTED_INCLUDE_IN_FRAMEWORK_HEADER = YES;
				CLANG_WARN_RANGE_LOOP_ANALYSIS = YES;
				CLANG_WARN_STRICT_PROTOTYPES = YES;
				CLANG_WARN_SUSPICIOUS_MOVE = YES;
				CLANG_WARN_UNGUARDED_AVAILABILITY = YES_AGGRESSIVE;
				CLANG_WARN_UNREACHABLE_CODE = YES;
				CLANG_WARN__DUPLICATE_METHOD_MATCH = YES;
				COPY_PHASE_STRIP = NO;
				DEBUG_INFORMATION_FORMAT = "dwarf-with-dsym";
				ENABLE_NS_ASSERTIONS = NO;
				ENABLE_STRICT_OBJC_MSGSEND = YES;
				GCC_C_LANGUAGE_STANDARD = gnu11;
				GCC_NO_COMMON_BLOCKS = YES;
				GCC_WARN_64_TO_32_BIT_CONVERSION = YES;
				GCC_WARN_ABOUT_RETURN_TYPE = YES_ERROR;
				GCC_WARN_UNDECLARED_SELECTOR = YES;
				GCC_WARN_UNINITIALIZED_AUTOS = YES_AGGRESSIVE;
				GCC_WARN_UNUSED_FUNCTION = YES;
				GCC_WARN_UNUSED_VARIABLE = YES;
				IPHONEOS_DEPLOYMENT_TARGET = 16.4;
				MTL_ENABLE_DEBUG_INFO = NO;
				MTL_FAST_MATH = YES;
				SDKROOT = iphoneos;
				SWIFT_COMPILATION_MODE = wholemodule;
				SWIFT_OPTIMIZATION_LEVEL = "-O";
				VALIDATE_PRODUCT = YES;
			};
			name = Release;
		};
		5A3CE41529F083F70078D41B /* Debug */ = {
			isa = XCBuildConfiguration;
			buildSettings = {
				ASSETCATALOG_COMPILER_APPICON_NAME = AppIcon;
				ASSETCATALOG_COMPILER_GLOBAL_ACCENT_COLOR_NAME = AccentColor;
				CODE_SIGN_STYLE = Automatic;
				CURRENT_PROJECT_VERSION = 1;
				DEVELOPMENT_TEAM = 8M23M69MCA;
				GENERATE_INFOPLIST_FILE = YES;
				INFOPLIST_FILE = ProjectZero/Info.plist;
				INFOPLIST_KEY_UIApplicationSupportsIndirectInputEvents = YES;
				INFOPLIST_KEY_UILaunchStoryboardName = LaunchScreen;
				INFOPLIST_KEY_UIMainStoryboardFile = Main;
				INFOPLIST_KEY_UISupportedInterfaceOrientations_iPad = "UIInterfaceOrientationPortrait UIInterfaceOrientationPortraitUpsideDown UIInterfaceOrientationLandscapeLeft UIInterfaceOrientationLandscapeRight";
				INFOPLIST_KEY_UISupportedInterfaceOrientations_iPhone = "UIInterfaceOrientationPortrait UIInterfaceOrientationLandscapeLeft UIInterfaceOrientationLandscapeRight";
				LD_RUNPATH_SEARCH_PATHS = (
					"$(inherited)",
					"@executable_path/Frameworks",
				);
				MARKETING_VERSION = 1.0;
				PRODUCT_BUNDLE_IDENTIFIER = Examples.ProjectZero;
				PRODUCT_NAME = "$(TARGET_NAME)";
				SWIFT_EMIT_LOC_STRINGS = YES;
				SWIFT_VERSION = 5.0;
				TARGETED_DEVICE_FAMILY = "1,2";
			};
			name = Debug;
		};
		5A3CE41629F083F70078D41B /* Release */ = {
			isa = XCBuildConfiguration;
			buildSettings = {
				ASSETCATALOG_COMPILER_APPICON_NAME = AppIcon;
				ASSETCATALOG_COMPILER_GLOBAL_ACCENT_COLOR_NAME = AccentColor;
				CODE_SIGN_STYLE = Automatic;
				CURRENT_PROJECT_VERSION = 1;
				DEVELOPMENT_TEAM = 8M23M69MCA;
				GENERATE_INFOPLIST_FILE = YES;
				INFOPLIST_FILE = ProjectZero/Info.plist;
				INFOPLIST_KEY_UIApplicationSupportsIndirectInputEvents = YES;
				INFOPLIST_KEY_UILaunchStoryboardName = LaunchScreen;
				INFOPLIST_KEY_UIMainStoryboardFile = Main;
				INFOPLIST_KEY_UISupportedInterfaceOrientations_iPad = "UIInterfaceOrientationPortrait UIInterfaceOrientationPortraitUpsideDown UIInterfaceOrientationLandscapeLeft UIInterfaceOrientationLandscapeRight";
				INFOPLIST_KEY_UISupportedInterfaceOrientations_iPhone = "UIInterfaceOrientationPortrait UIInterfaceOrientationLandscapeLeft UIInterfaceOrientationLandscapeRight";
				LD_RUNPATH_SEARCH_PATHS = (
					"$(inherited)",
					"@executable_path/Frameworks",
				);
				MARKETING_VERSION = 1.0;
				PRODUCT_BUNDLE_IDENTIFIER = Examples.ProjectZero;
				PRODUCT_NAME = "$(TARGET_NAME)";
				SWIFT_EMIT_LOC_STRINGS = YES;
				SWIFT_VERSION = 5.0;
				TARGETED_DEVICE_FAMILY = "1,2";
			};
			name = Release;
		};
/* End XCBuildConfiguration section */

/* Begin XCConfigurationList section */
		5A3CE3F829F083F50078D41B /* Build configuration list for PBXProject "ProjectZero" */ = {
			isa = XCConfigurationList;
			buildConfigurations = (
				5A3CE41229F083F70078D41B /* Debug */,
				5A3CE41329F083F70078D41B /* Release */,
			);
			defaultConfigurationIsVisible = 0;
			defaultConfigurationName = Release;
		};
		5A3CE41429F083F70078D41B /* Build configuration list for PBXNativeTarget "ProjectZero" */ = {
			isa = XCConfigurationList;
			buildConfigurations = (
				5A3CE41529F083F70078D41B /* Debug */,
				5A3CE41629F083F70078D41B /* Release */,
			);
			defaultConfigurationIsVisible = 0;
			defaultConfigurationName = Release;
		};
/* End XCConfigurationList section */

/* Begin XCVersionGroup section */
		5A3CE40929F083F50078D41B /* ProjectZero.xcdatamodeld */ = {
			isa = XCVersionGroup;
			children = (
				5A3CE40A29F083F50078D41B /* ProjectZero.xcdatamodel */,
			);
			currentVersion = 5A3CE40A29F083F50078D41B /* ProjectZero.xcdatamodel */;
			path = ProjectZero.xcdatamodeld;
			sourceTree = "<group>";
			versionGroupType = wrapper.xcdatamodel;
		};
/* End XCVersionGroup section */
	};
	rootObject = 5A3CE3F529F083F50078D41B /* Project object */;
}
